
Microsoft Visual Studio Solution File, Format Version 12.00
# Visual Studio Version 17
VisualStudioVersion = 17.11.35327.3
MinimumVisualStudioVersion = 10.0.40219.1
Project("{FAE04EC0-301F-11D3-BF4B-00C04F79EFBC}") = "MealRecipeApi", "MealRecipeApi\MealRecipeApi.csproj", "{3F64145D-88D0-4D10-8212-A6C48E6FD608}"
EndProject
Global
	GlobalSection(SolutionConfigurationPlatforms) = preSolution
		Debug|Any CPU = Debug|Any CPU
		Release|Any CPU = Release|Any CPU
	EndGlobalSection
	GlobalSection(ProjectConfigurationPlatforms) = postSolution
		{3F64145D-88D0-4D10-8212-A6C48E6FD608}.Debug|Any CPU.ActiveCfg = Debug|Any CPU
		{3F64145D-88D0-4D10-8212-A6C48E6FD608}.Debug|Any CPU.Build.0 = Debug|Any CPU
		{3F64145D-88D0-4D10-8212-A6C48E6FD608}.Release|Any CPU.ActiveCfg = Release|Any CPU
		{3F64145D-88D0-4D10-8212-A6C48E6FD608}.Release|Any CPU.Build.0 = Release|Any CPU
	EndGlobalSection
	GlobalSection(SolutionProperties) = preSolution
		HideSolutionNode = FALSE
	EndGlobalSection
	GlobalSection(ExtensibilityGlobals) = postSolution
		SolutionGuid = {C52E0100-40D3-4376-B156-C58F3218D7CB}
	EndGlobalSection
EndGlobal
